
Microsoft Visual Studio Solution File, Format Version 12.00
# Visual Studio Version 17
VisualStudioVersion = 17.14.36202.13 d17.14
MinimumVisualStudioVersion = 10.0.40219.1
Project("{FAE04EC0-301F-11D3-BF4B-00C04F79EFBC}") = "CoffeeManagement_ver2", "CoffeeManagement_ver2\CoffeeManagement_ver2.csproj", "{B63AA1FE-BF59-4924-86B3-B3869BBFF8B1}"
EndProject
Global
	GlobalSection(SolutionConfigurationPlatforms) = preSolution
		Debug|Any CPU = Debug|Any CPU
		Release|Any CPU = Release|Any CPU
	EndGlobalSection
	GlobalSection(ProjectConfigurationPlatforms) = postSolution
		{B63AA1FE-BF59-4924-86B3-B3869BBFF8B1}.Debug|Any CPU.ActiveCfg = Debug|Any CPU
		{B63AA1FE-BF59-4924-86B3-B3869BBFF8B1}.Debug|Any CPU.Build.0 = Debug|Any CPU
		{B63AA1FE-BF59-4924-86B3-B3869BBFF8B1}.Release|Any CPU.ActiveCfg = Release|Any CPU
		{B63AA1FE-BF59-4924-86B3-B3869BBFF8B1}.Release|Any CPU.Build.0 = Release|Any CPU
	EndGlobalSection
	GlobalSection(SolutionProperties) = preSolution
		HideSolutionNode = FALSE
	EndGlobalSection
	GlobalSection(ExtensibilityGlobals) = postSolution
		SolutionGuid = {B271A42D-2109-4F51-AC39-1FFF4D548BF7}
	EndGlobalSection
EndGlobal
